// !$*UTF8*$!
{
	archiveVersion = 1;
	classes = {
	};
	objectVersion = 50;
	objects = {

/* Begin PBXBuildFile section */
		5B23DCAA27F22E7F00CF714E /* ViewController.swift in Sources */ = {isa = PBXBuildFile; fileRef = 5B23DCA927F22E7F00CF714E /* ViewController.swift */; };
		5B23DCAD27F2394F00CF714E /* MainStoryboard.storyboard in Resources */ = {isa = PBXBuildFile; fileRef = 5B23DCAF27F2394F00CF714E /* MainStoryboard.storyboard */; };
		5B7074D6267CCF0700EAF93F /* AppDelegate.swift in Sources */ = {isa = PBXBuildFile; fileRef = 5B7074D5267CCF0700EAF93F /* AppDelegate.swift */; };
		5B7074D8267CCF0700EAF93F /* SceneDelegate.swift in Sources */ = {isa = PBXBuildFile; fileRef = 5B7074D7267CCF0700EAF93F /* SceneDelegate.swift */; };
		5B7074DA267CCF0700EAF93F /* ContentView.swift in Sources */ = {isa = PBXBuildFile; fileRef = 5B7074D9267CCF0700EAF93F /* ContentView.swift */; };
		5B7074DD267CCF0700EAF93F /* DoList.xcdatamodeld in Sources */ = {isa = PBXBuildFile; fileRef = 5B7074DB267CCF0700EAF93F /* DoList.xcdatamodeld */; };
		5B7074DF267CCF0900EAF93F /* Assets.xcassets in Resources */ = {isa = PBXBuildFile; fileRef = 5B7074DE267CCF0900EAF93F /* Assets.xcassets */; };
		5B7074E2267CCF0900EAF93F /* Preview Assets.xcassets in Resources */ = {isa = PBXBuildFile; fileRef = 5B7074E1267CCF0900EAF93F /* Preview Assets.xcassets */; };
		5B7074E5267CCF0900EAF93F /* LaunchScreen.storyboard in Resources */ = {isa = PBXBuildFile; fileRef = 5B7074E3267CCF0900EAF93F /* LaunchScreen.storyboard */; };
		5B7074F0267CCF0900EAF93F /* DoListTests.swift in Sources */ = {isa = PBXBuildFile; fileRef = 5B7074EF267CCF0900EAF93F /* DoListTests.swift */; };
		5B7074FB267CCF0900EAF93F /* DoListUITests.swift in Sources */ = {isa = PBXBuildFile; fileRef = 5B7074FA267CCF0900EAF93F /* DoListUITests.swift */; };
/* End PBXBuildFile section */

/* Begin PBXContainerItemProxy section */
		5B7074EC267CCF0900EAF93F /* PBXContainerItemProxy */ = {
			isa = PBXContainerItemProxy;
			containerPortal = 5B7074CA267CCF0700EAF93F /* Project object */;
			proxyType = 1;
			remoteGlobalIDString = 5B7074D1267CCF0700EAF93F;
			remoteInfo = DoList;
		};
		5B7074F7267CCF0900EAF93F /* PBXContainerItemProxy */ = {
			isa = PBXContainerItemProxy;
			containerPortal = 5B7074CA267CCF0700EAF93F /* Project object */;
			proxyType = 1;
			remoteGlobalIDString = 5B7074D1267CCF0700EAF93F;
			remoteInfo = DoList;
		};
/* End PBXContainerItemProxy section */

/* Begin PBXFileReference section */
		5B23DCA927F22E7F00CF714E /* ViewController.swift */ = {isa = PBXFileReference; lastKnownFileType = sourcecode.swift; path = ViewController.swift; sourceTree = "<group>"; };
		5B23DCAE27F2394F00CF714E /* Base */ = {isa = PBXFileReference; lastKnownFileType = file.storyboard; name = Base; path = Base.lproj/MainStoryboard.storyboard; sourceTree = "<group>"; };
		5B7074D2267CCF0700EAF93F /* DoList.app */ = {isa = PBXFileReference; explicitFileType = wrapper.application; includeInIndex = 0; path = DoList.app; sourceTree = BUILT_PRODUCTS_DIR; };
		5B7074D5267CCF0700EAF93F /* AppDelegate.swift */ = {isa = PBXFileReference; lastKnownFileType = sourcecode.swift; path = AppDelegate.swift; sourceTree = "<group>"; };
		5B7074D7267CCF0700EAF93F /* SceneDelegate.swift */ = {isa = PBXFileReference; lastKnownFileType = sourcecode.swift; path = SceneDelegate.swift; sourceTree = "<group>"; };
		5B7074D9267CCF0700EAF93F /* ContentView.swift */ = {isa = PBXFileReference; lastKnownFileType = sourcecode.swift; path = ContentView.swift; sourceTree = "<group>"; };
		5B7074DC267CCF0700EAF93F /* DoList.xcdatamodel */ = {isa = PBXFileReference; lastKnownFileType = wrapper.xcdatamodel; path = DoList.xcdatamodel; sourceTree = "<group>"; };
		5B7074DE267CCF0900EAF93F /* Assets.xcassets */ = {isa = PBXFileReference; lastKnownFileType = folder.assetcatalog; path = Assets.xcassets; sourceTree = "<group>"; };
		5B7074E1267CCF0900EAF93F /* Preview Assets.xcassets */ = {isa = PBXFileReference; lastKnownFileType = folder.assetcatalog; path = "Preview Assets.xcassets"; sourceTree = "<group>"; };
		5B7074E4267CCF0900EAF93F /* Base */ = {isa = PBXFileReference; lastKnownFileType = file.storyboard; name = Base; path = Base.lproj/LaunchScreen.storyboard; sourceTree = "<group>"; };
		5B7074E6267CCF0900EAF93F /* Info.plist */ = {isa = PBXFileReference; lastKnownFileType = text.plist.xml; path = Info.plist; sourceTree = "<group>"; };
		5B7074EB267CCF0900EAF93F /* DoListTests.xctest */ = {isa = PBXFileReference; explicitFileType = wrapper.cfbundle; includeInIndex = 0; path = DoListTests.xctest; sourceTree = BUILT_PRODUCTS_DIR; };
		5B7074EF267CCF0900EAF93F /* DoListTests.swift */ = {isa = PBXFileReference; lastKnownFileType = sourcecode.swift; path = DoListTests.swift; sourceTree = "<group>"; };
		5B7074F1267CCF0900EAF93F /* Info.plist */ = {isa = PBXFileReference; lastKnownFileType = text.plist.xml; path = Info.plist; sourceTree = "<group>"; };
		5B7074F6267CCF0900EAF93F /* DoListUITests.xctest */ = {isa = PBXFileReference; explicitFileType = wrapper.cfbundle; includeInIndex = 0; path = DoListUITests.xctest; sourceTree = BUILT_PRODUCTS_DIR; };
		5B7074FA267CCF0900EAF93F /* DoListUITests.swift */ = {isa = PBXFileReference; lastKnownFileType = sourcecode.swift; path = DoListUITests.swift; sourceTree = "<group>"; };
		5B7074FC267CCF0900EAF93F /* Info.plist */ = {isa = PBXFileReference; lastKnownFileType = text.plist.xml; path = Info.plist; sourceTree = "<group>"; };
/* End PBXFileReference section */

/* Begin PBXFrameworksBuildPhase section */
		5B7074CF267CCF0700EAF93F /* Frameworks */ = {
			isa = PBXFrameworksBuildPhase;
			buildActionMask = 2147483647;
			files = (
			);
			runOnlyForDeploymentPostprocessing = 0;
		};
		5B7074E8267CCF0900EAF93F /* Frameworks */ = {
			isa = PBXFrameworksBuildPhase;
			buildActionMask = 2147483647;
			files = (
			);
			runOnlyForDeploymentPostprocessing = 0;
		};
		5B7074F3267CCF0900EAF93F /* Frameworks */ = {
			isa = PBXFrameworksBuildPhase;
			buildActionMask = 2147483647;
			files = (
			);
			runOnlyForDeploymentPostprocessing = 0;
		};
/* End PBXFrameworksBuildPhase section */

/* Begin PBXGroup section */
		5B7074C9267CCF0700EAF93F = {
			isa = PBXGroup;
			children = (
				5B7074D4267CCF0700EAF93F /* DoList */,
				5B7074EE267CCF0900EAF93F /* DoListTests */,
				5B7074F9267CCF0900EAF93F /* DoListUITests */,
				5B7074D3267CCF0700EAF93F /* Products */,
			);
			sourceTree = "<group>";
		};
		5B7074D3267CCF0700EAF93F /* Products */ = {
			isa = PBXGroup;
			children = (
				5B7074D2267CCF0700EAF93F /* DoList.app */,
				5B7074EB267CCF0900EAF93F /* DoListTests.xctest */,
				5B7074F6267CCF0900EAF93F /* DoListUITests.xctest */,
			);
			name = Products;
			sourceTree = "<group>";
		};
		5B7074D4267CCF0700EAF93F /* DoList */ = {
			isa = PBXGroup;
			children = (
				5B7074D5267CCF0700EAF93F /* AppDelegate.swift */,
				5B23DCA927F22E7F00CF714E /* ViewController.swift */,
				5B7074D7267CCF0700EAF93F /* SceneDelegate.swift */,
				5B7074D9267CCF0700EAF93F /* ContentView.swift */,
				5B7074DE267CCF0900EAF93F /* Assets.xcassets */,
				5B23DCAF27F2394F00CF714E /* MainStoryboard.storyboard */,
				5B7074E3267CCF0900EAF93F /* LaunchScreen.storyboard */,
				5B7074E6267CCF0900EAF93F /* Info.plist */,
				5B7074DB267CCF0700EAF93F /* DoList.xcdatamodeld */,
				5B7074E0267CCF0900EAF93F /* Preview Content */,
			);
			path = DoList;
			sourceTree = "<group>";
		};
		5B7074E0267CCF0900EAF93F /* Preview Content */ = {
			isa = PBXGroup;
			children = (
				5B7074E1267CCF0900EAF93F /* Preview Assets.xcassets */,
			);
			path = "Preview Content";
			sourceTree = "<group>";
		};
		5B7074EE267CCF0900EAF93F /* DoListTests */ = {
			isa = PBXGroup;
			children = (
				5B7074EF267CCF0900EAF93F /* DoListTests.swift */,
				5B7074F1267CCF0900EAF93F /* Info.plist */,
			);
			path = DoListTests;
			sourceTree = "<group>";
		};
		5B7074F9267CCF0900EAF93F /* DoListUITests */ = {
			isa = PBXGroup;
			children = (
				5B7074FA267CCF0900EAF93F /* DoListUITests.swift */,
				5B7074FC267CCF0900EAF93F /* Info.plist */,
			);
			path = DoListUITests;
			sourceTree = "<group>";
		};
/* End PBXGroup section */

/* Begin PBXNativeTarget section */
		5B7074D1267CCF0700EAF93F /* DoList */ = {
			isa = PBXNativeTarget;
			buildConfigurationList = 5B7074FF267CCF0900EAF93F /* Build configuration list for PBXNativeTarget "DoList" */;
			buildPhases = (
				5B7074CE267CCF0700EAF93F /* Sources */,
				5B7074CF267CCF0700EAF93F /* Frameworks */,
				5B7074D0267CCF0700EAF93F /* Resources */,
			);
			buildRules = (
			);
			dependencies = (
			);
			name = DoList;
			productName = DoList;
			productReference = 5B7074D2267CCF0700EAF93F /* DoList.app */;
			productType = "com.apple.product-type.application";
		};
		5B7074EA267CCF0900EAF93F /* DoListTests */ = {
			isa = PBXNativeTarget;
			buildConfigurationList = 5B707502267CCF0900EAF93F /* Build configuration list for PBXNativeTarget "DoListTests" */;
			buildPhases = (
				5B7074E7267CCF0900EAF93F /* Sources */,
				5B7074E8267CCF0900EAF93F /* Frameworks */,
				5B7074E9267CCF0900EAF93F /* Resources */,
			);
			buildRules = (
			);
			dependencies = (
				5B7074ED267CCF0900EAF93F /* PBXTargetDependency */,
			);
			name = DoListTests;
			productName = DoListTests;
			productReference = 5B7074EB267CCF0900EAF93F /* DoListTests.xctest */;
			productType = "com.apple.product-type.bundle.unit-test";
		};
		5B7074F5267CCF0900EAF93F /* DoListUITests */ = {
			isa = PBXNativeTarget;
			buildConfigurationList = 5B707505267CCF0900EAF93F /* Build configuration list for PBXNativeTarget "DoListUITests" */;
			buildPhases = (
				5B7074F2267CCF0900EAF93F /* Sources */,
				5B7074F3267CCF0900EAF93F /* Frameworks */,
				5B7074F4267CCF0900EAF93F /* Resources */,
			);
			buildRules = (
			);
			dependencies = (
				5B7074F8267CCF0900EAF93F /* PBXTargetDependency */,
			);
			name = DoListUITests;
			productName = DoListUITests;
			productReference = 5B7074F6267CCF0900EAF93F /* DoListUITests.xctest */;
			productType = "com.apple.product-type.bundle.ui-testing";
		};
/* End PBXNativeTarget section */

/* Begin PBXProject section */
		5B7074CA267CCF0700EAF93F /* Project object */ = {
			isa = PBXProject;
			attributes = {
				LastSwiftUpdateCheck = 1250;
				LastUpgradeCheck = 1250;
				ORGANIZATIONNAME = "";
				TargetAttributes = {
					5B7074D1267CCF0700EAF93F = {
						CreatedOnToolsVersion = 12.5;
					};
					5B7074EA267CCF0900EAF93F = {
						CreatedOnToolsVersion = 12.5;
						TestTargetID = 5B7074D1267CCF0700EAF93F;
					};
					5B7074F5267CCF0900EAF93F = {
						CreatedOnToolsVersion = 12.5;
						TestTargetID = 5B7074D1267CCF0700EAF93F;
					};
				};
			};
			buildConfigurationList = 5B7074CD267CCF0700EAF93F /* Build configuration list for PBXProject "DoList" */;
			compatibilityVersion = "Xcode 9.3";
			developmentRegion = en;
			hasScannedForEncodings = 0;
			knownRegions = (
				en,
				Base,
			);
			mainGroup = 5B7074C9267CCF0700EAF93F;
			productRefGroup = 5B7074D3267CCF0700EAF93F /* Products */;
			projectDirPath = "";
			projectRoot = "";
			targets = (
				5B7074D1267CCF0700EAF93F /* DoList */,
				5B7074EA267CCF0900EAF93F /* DoListTests */,
				5B7074F5267CCF0900EAF93F /* DoListUITests */,
			);
		};
/* End PBXProject section */

/* Begin PBXResourcesBuildPhase section */
		5B7074D0267CCF0700EAF93F /* Resources */ = {
			isa = PBXResourcesBuildPhase;
			buildActionMask = 2147483647;
			files = (
				5B7074E5267CCF0900EAF93F /* LaunchScreen.storyboard in Resources */,
				5B7074E2267CCF0900EAF93F /* Preview Assets.xcassets in Resources */,
				5B23DCAD27F2394F00CF714E /* MainStoryboard.storyboard in Resources */,
				5B7074DF267CCF0900EAF93F /* Assets.xcassets in Resources */,
			);
			runOnlyForDeploymentPostprocessing = 0;
		};
		5B7074E9267CCF0900EAF93F /* Resources */ = {
			isa = PBXResourcesBuildPhase;
			buildActionMask = 2147483647;
			files = (
			);
			runOnlyForDeploymentPostprocessing = 0;
		};
		5B7074F4267CCF0900EAF93F /* Resources */ = {
			isa = PBXResourcesBuildPhase;
			buildActionMask = 2147483647;
			files = (
			);
			runOnlyForDeploymentPostprocessing = 0;
		};
/* End PBXResourcesBuildPhase section */

/* Begin PBXSourcesBuildPhase section */
		5B7074CE267CCF0700EAF93F /* Sources */ = {
			isa = PBXSourcesBuildPhase;
			buildActionMask = 2147483647;
			files = (
				5B23DCAA27F22E7F00CF714E /* ViewController.swift in Sources */,
				5B7074D6267CCF0700EAF93F /* AppDelegate.swift in Sources */,
				5B7074D8267CCF0700EAF93F /* SceneDelegate.swift in Sources */,
				5B7074DD267CCF0700EAF93F /* DoList.xcdatamodeld in Sources */,
				5B7074DA267CCF0700EAF93F /* ContentView.swift in Sources */,
			);
			runOnlyForDeploymentPostprocessing = 0;
		};
		5B7074E7267CCF0900EAF93F /* Sources */ = {
			isa = PBXSourcesBuildPhase;
			buildActionMask = 2147483647;
			files = (
				5B7074F0267CCF0900EAF93F /* DoListTests.swift in Sources */,
			);
			runOnlyForDeploymentPostprocessing = 0;
		};
		5B7074F2267CCF0900EAF93F /* Sources */ = {
			isa = PBXSourcesBuildPhase;
			buildActionMask = 2147483647;
			files = (
				5B7074FB267CCF0900EAF93F /* DoListUITests.swift in Sources */,
			);
			runOnlyForDeploymentPostprocessing = 0;
		};
/* End PBXSourcesBuildPhase section */

/* Begin PBXTargetDependency section */
		5B7074ED267CCF0900EAF93F /* PBXTargetDependency */ = {
			isa = PBXTargetDependency;
			target = 5B7074D1267CCF0700EAF93F /* DoList */;
			targetProxy = 5B7074EC267CCF0900EAF93F /* PBXContainerItemProxy */;
		};
		5B7074F8267CCF0900EAF93F /* PBXTargetDependency */ = {
			isa = PBXTargetDependency;
			target = 5B7074D1267CCF0700EAF93F /* DoList */;
			targetProxy = 5B7074F7267CCF0900EAF93F /* PBXContainerItemProxy */;
		};
/* End PBXTargetDependency section */

/* Begin PBXVariantGroup section */
		5B23DCAF27F2394F00CF714E /* MainStoryboard.storyboard */ = {
			isa = PBXVariantGroup;
			children = (
				5B23DCAE27F2394F00CF714E /* Base */,
			);
			name = MainStoryboard.storyboard;
			path = DoList;
			sourceTree = SOURCE_ROOT;
		};
		5B7074E3267CCF0900EAF93F /* LaunchScreen.storyboard */ = {
			isa = PBXVariantGroup;
			children = (
				5B7074E4267CCF0900EAF93F /* Base */,
			);
			name = LaunchScreen.storyboard;
			sourceTree = "<group>";
		};
/* End PBXVariantGroup section */

/* Begin XCBuildConfiguration section */
		5B7074FD267CCF0900EAF93F /* Debug */ = {
			isa = XCBuildConfiguration;
			buildSettings = {
				ALWAYS_SEARCH_USER_PATHS = NO;
				CLANG_ANALYZER_NONNULL = YES;
				CLANG_ANALYZER_NUMBER_OBJECT_CONVERSION = YES_AGGRESSIVE;
				CLANG_CXX_LANGUAGE_STANDARD = "gnu++14";
				CLANG_CXX_LIBRARY = "libc++";
				CLANG_ENABLE_MODULES = YES;
				CLANG_ENABLE_OBJC_ARC = YES;
				CLANG_ENABLE_OBJC_WEAK = YES;
				CLANG_WARN_BLOCK_CAPTURE_AUTORELEASING = YES;
				CLANG_WARN_BOOL_CONVERSION = YES;
				CLANG_WARN_COMMA = YES;
				CLANG_WARN_CONSTANT_CONVERSION = YES;
				CLANG_WARN_DEPRECATED_OBJC_IMPLEMENTATIONS = YES;
				CLANG_WARN_DIRECT_OBJC_ISA_USAGE = YES_ERROR;
				CLANG_WARN_DOCUMENTATION_COMMENTS = YES;
				CLANG_WARN_EMPTY_BODY = YES;
				CLANG_WARN_ENUM_CONVERSION = YES;
				CLANG_WARN_INFINITE_RECURSION = YES;
				CLANG_WARN_INT_CONVERSION = YES;
				CLANG_WARN_NON_LITERAL_NULL_CONVERSION = YES;
				CLANG_WARN_OBJC_IMPLICIT_RETAIN_SELF = YES;
				CLANG_WARN_OBJC_LITERAL_CONVERSION = YES;
				CLANG_WARN_OBJC_ROOT_CLASS = YES_ERROR;
				CLANG_WARN_QUOTED_INCLUDE_IN_FRAMEWORK_HEADER = YES;
				CLANG_WARN_RANGE_LOOP_ANALYSIS = YES;
				CLANG_WARN_STRICT_PROTOTYPES = YES;
				CLANG_WARN_SUSPICIOUS_MOVE = YES;
				CLANG_WARN_UNGUARDED_AVAILABILITY = YES_AGGRESSIVE;
				CLANG_WARN_UNREACHABLE_CODE = YES;
				CLANG_WARN__DUPLICATE_METHOD_MATCH = YES;
				COPY_PHASE_STRIP = NO;
				DEBUG_INFORMATION_FORMAT = dwarf;
				ENABLE_STRICT_OBJC_MSGSEND = YES;
				ENABLE_TESTABILITY = YES;
				GCC_C_LANGUAGE_STANDARD = gnu11;
				GCC_DYNAMIC_NO_PIC = NO;
				GCC_NO_COMMON_BLOCKS = YES;
				GCC_OPTIMIZATION_LEVEL = 0;
				GCC_PREPROCESSOR_DEFINITIONS = (
					"DEBUG=1",
					"$(inherited)",
				);
				GCC_WARN_64_TO_32_BIT_CONVERSION = YES;
				GCC_WARN_ABOUT_RETURN_TYPE = YES_ERROR;
				GCC_WARN_UNDECLARED_SELECTOR = YES;
				GCC_WARN_UNINITIALIZED_AUTOS = YES_AGGRESSIVE;
				GCC_WARN_UNUSED_FUNCTION = YES;
				GCC_WARN_UNUSED_VARIABLE = YES;
				IPHONEOS_DEPLOYMENT_TARGET = 14.5;
				MTL_ENABLE_DEBUG_INFO = INCLUDE_SOURCE;
				MTL_FAST_MATH = YES;
				ONLY_ACTIVE_ARCH = YES;
				SDKROOT = iphoneos;
				SWIFT_ACTIVE_COMPILATION_CONDITIONS = DEBUG;
				SWIFT_OPTIMIZATION_LEVEL = "-Onone";
			};
			name = Debug;
		};
		5B7074FE267CCF0900EAF93F /* Release */ = {
			isa = XCBuildConfiguration;
			buildSettings = {
				ALWAYS_SEARCH_USER_PATHS = NO;
				CLANG_ANALYZER_NONNULL = YES;
				CLANG_ANALYZER_NUMBER_OBJECT_CONVERSION = YES_AGGRESSIVE;
				CLANG_CXX_LANGUAGE_STANDARD = "gnu++14";
				CLANG_CXX_LIBRARY = "libc++";
				CLANG_ENABLE_MODULES = YES;
				CLANG_ENABLE_OBJC_ARC = YES;
				CLANG_ENABLE_OBJC_WEAK = YES;
				CLANG_WARN_BLOCK_CAPTURE_AUTORELEASING = YES;
				CLANG_WARN_BOOL_CONVERSION = YES;
				CLANG_WARN_COMMA = YES;
				CLANG_WARN_CONSTANT_CONVERSION = YES;
				CLANG_WARN_DEPRECATED_OBJC_IMPLEMENTATIONS = YES;
				CLANG_WARN_DIRECT_OBJC_ISA_USAGE = YES_ERROR;
				CLANG_WARN_DOCUMENTATION_COMMENTS = YES;
				CLANG_WARN_EMPTY_BODY = YES;
				CLANG_WARN_ENUM_CONVERSION = YES;
				CLANG_WARN_INFINITE_RECURSION = YES;
				CLANG_WARN_INT_CONVERSION = YES;
				CLANG_WARN_NON_LITERAL_NULL_CONVERSION = YES;
				CLANG_WARN_OBJC_IMPLICIT_RETAIN_SELF = YES;
				CLANG_WARN_OBJC_LITERAL_CONVERSION = YES;
				CLANG_WARN_OBJC_ROOT_CLASS = YES_ERROR;
				CLANG_WARN_QUOTED_INCLUDE_IN_FRAMEWORK_HEADER = YES;
				CLANG_WARN_RANGE_LOOP_ANALYSIS = YES;
				CLANG_WARN_STRICT_PROTOTYPES = YES;
				CLANG_WARN_SUSPICIOUS_MOVE = YES;
				CLANG_WARN_UNGUARDED_AVAILABILITY = YES_AGGRESSIVE;
				CLANG_WARN_UNREACHABLE_CODE = YES;
				CLANG_WARN__DUPLICATE_METHOD_MATCH = YES;
				COPY_PHASE_STRIP = NO;
				DEBUG_INFORMATION_FORMAT = "dwarf-with-dsym";
				ENABLE_NS_ASSERTIONS = NO;
				ENABLE_STRICT_OBJC_MSGSEND = YES;
				GCC_C_LANGUAGE_STANDARD = gnu11;
				GCC_NO_COMMON_BLOCKS = YES;
				GCC_WARN_64_TO_32_BIT_CONVERSION = YES;
				GCC_WARN_ABOUT_RETURN_TYPE = YES_ERROR;
				GCC_WARN_UNDECLARED_SELECTOR = YES;
				GCC_WARN_UNINITIALIZED_AUTOS = YES_AGGRESSIVE;
				GCC_WARN_UNUSED_FUNCTION = YES;
				GCC_WARN_UNUSED_VARIABLE = YES;
				IPHONEOS_DEPLOYMENT_TARGET = 14.5;
				MTL_ENABLE_DEBUG_INFO = NO;
				MTL_FAST_MATH = YES;
				SDKROOT = iphoneos;
				SWIFT_COMPILATION_MODE = wholemodule;
				SWIFT_OPTIMIZATION_LEVEL = "-O";
				VALIDATE_PRODUCT = YES;
			};
			name = Release;
		};
		5B707500267CCF0900EAF93F /* Debug */ = {
			isa = XCBuildConfiguration;
			buildSettings = {
				ASSETCATALOG_COMPILER_APPICON_NAME = AppIcon;
				ASSETCATALOG_COMPILER_GLOBAL_ACCENT_COLOR_NAME = AccentColor;
				CODE_SIGN_STYLE = Automatic;
				CURRENT_PROJECT_VERSION = 2;
				DEVELOPMENT_ASSET_PATHS = "\"DoList/Preview Content\"";
				DEVELOPMENT_TEAM = 29A85J4W3V;
				ENABLE_PREVIEWS = YES;
				INFOPLIST_FILE = DoList/Info.plist;
				LD_RUNPATH_SEARCH_PATHS = (
					"$(inherited)",
					"@executable_path/Frameworks",
				);
				MARKETING_VERSION = 1.0.1;
				PRODUCT_BUNDLE_IDENTIFIER = ru.planemo.DoList;
				PRODUCT_NAME = "$(TARGET_NAME)";
				SWIFT_VERSION = 5.0;
				TARGETED_DEVICE_FAMILY = 1;
			};
			name = Debug;
		};
		5B707501267CCF0900EAF93F /* Release */ = {
			isa = XCBuildConfiguration;
			buildSettings = {
				ASSETCATALOG_COMPILER_APPICON_NAME = AppIcon;
				ASSETCATALOG_COMPILER_GLOBAL_ACCENT_COLOR_NAME = AccentColor;
				CODE_SIGN_STYLE = Automatic;
				CURRENT_PROJECT_VERSION = 2;
				DEVELOPMENT_ASSET_PATHS = "\"DoList/Preview Content\"";
				DEVELOPMENT_TEAM = 29A85J4W3V;
				ENABLE_PREVIEWS = YES;
				INFOPLIST_FILE = DoList/Info.plist;
				LD_RUNPATH_SEARCH_PATHS = (
					"$(inherited)",
					"@executable_path/Frameworks",
				);
				MARKETING_VERSION = 1.0.1;
				PRODUCT_BUNDLE_IDENTIFIER = ru.planemo.DoList;
				PRODUCT_NAME = "$(TARGET_NAME)";
				SWIFT_VERSION = 5.0;
				TARGETED_DEVICE_FAMILY = 1;
			};
			name = Release;
		};
		5B707503267CCF0900EAF93F /* Debug */ = {
			isa = XCBuildConfiguration;
			buildSettings = {
				ALWAYS_EMBED_SWIFT_STANDARD_LIBRARIES = YES;
				BUNDLE_LOADER = "$(TEST_HOST)";
				CODE_SIGN_STYLE = Automatic;
				INFOPLIST_FILE = DoListTests/Info.plist;
				IPHONEOS_DEPLOYMENT_TARGET = 14.5;
				LD_RUNPATH_SEARCH_PATHS = (
					"$(inherited)",
					"@executable_path/Frameworks",
					"@loader_path/Frameworks",
				);
				PRODUCT_BUNDLE_IDENTIFIER = ru.planemo.DoListTests;
				PRODUCT_NAME = "$(TARGET_NAME)";
				SWIFT_VERSION = 5.0;
				TARGETED_DEVICE_FAMILY = "1,2";
				TEST_HOST = "$(BUILT_PRODUCTS_DIR)/DoList.app/DoList";
			};
			name = Debug;
		};
		5B707504267CCF0900EAF93F /* Release */ = {
			isa = XCBuildConfiguration;
			buildSettings = {
				ALWAYS_EMBED_SWIFT_STANDARD_LIBRARIES = YES;
				BUNDLE_LOADER = "$(TEST_HOST)";
				CODE_SIGN_STYLE = Automatic;
				INFOPLIST_FILE = DoListTests/Info.plist;
				IPHONEOS_DEPLOYMENT_TARGET = 14.5;
				LD_RUNPATH_SEARCH_PATHS = (
					"$(inherited)",
					"@executable_path/Frameworks",
					"@loader_path/Frameworks",
				);
				PRODUCT_BUNDLE_IDENTIFIER = ru.planemo.DoListTests;
				PRODUCT_NAME = "$(TARGET_NAME)";
				SWIFT_VERSION = 5.0;
				TARGETED_DEVICE_FAMILY = "1,2";
				TEST_HOST = "$(BUILT_PRODUCTS_DIR)/DoList.app/DoList";
			};
			name = Release;
		};
		5B707506267CCF0900EAF93F /* Debug */ = {
			isa = XCBuildConfiguration;
			buildSettings = {
				ALWAYS_EMBED_SWIFT_STANDARD_LIBRARIES = YES;
				CODE_SIGN_STYLE = Automatic;
				INFOPLIST_FILE = DoListUITests/Info.plist;
				LD_RUNPATH_SEARCH_PATHS = (
					"$(inherited)",
					"@executable_path/Frameworks",
					"@loader_path/Frameworks",
				);
				PRODUCT_BUNDLE_IDENTIFIER = ru.planemo.DoListUITests;
				PRODUCT_NAME = "$(TARGET_NAME)";
				SWIFT_VERSION = 5.0;
				TARGETED_DEVICE_FAMILY = "1,2";
				TEST_TARGET_NAME = DoList;
			};
			name = Debug;
		};
		5B707507267CCF0900EAF93F /* Release */ = {
			isa = XCBuildConfiguration;
			buildSettings = {
				ALWAYS_EMBED_SWIFT_STANDARD_LIBRARIES = YES;
				CODE_SIGN_STYLE = Automatic;
				INFOPLIST_FILE = DoListUITests/Info.plist;
				LD_RUNPATH_SEARCH_PATHS = (
					"$(inherited)",
					"@executable_path/Frameworks",
					"@loader_path/Frameworks",
				);
				PRODUCT_BUNDLE_IDENTIFIER = ru.planemo.DoListUITests;
				PRODUCT_NAME = "$(TARGET_NAME)";
				SWIFT_VERSION = 5.0;
				TARGETED_DEVICE_FAMILY = "1,2";
				TEST_TARGET_NAME = DoList;
			};
			name = Release;
		};
/* End XCBuildConfiguration section */

/* Begin XCConfigurationList section */
		5B7074CD267CCF0700EAF93F /* Build configuration list for PBXProject "DoList" */ = {
			isa = XCConfigurationList;
			buildConfigurations = (
				5B7074FD267CCF0900EAF93F /* Debug */,
				5B7074FE267CCF0900EAF93F /* Release */,
			);
			defaultConfigurationIsVisible = 0;
			defaultConfigurationName = Release;
		};
		5B7074FF267CCF0900EAF93F /* Build configuration list for PBXNativeTarget "DoList" */ = {
			isa = XCConfigurationList;
			buildConfigurations = (
				5B707500267CCF0900EAF93F /* Debug */,
				5B707501267CCF0900EAF93F /* Release */,
			);
			defaultConfigurationIsVisible = 0;
			defaultConfigurationName = Release;
		};
		5B707502267CCF0900EAF93F /* Build configuration list for PBXNativeTarget "DoListTests" */ = {
			isa = XCConfigurationList;
			buildConfigurations = (
				5B707503267CCF0900EAF93F /* Debug */,
				5B707504267CCF0900EAF93F /* Release */,
			);
			defaultConfigurationIsVisible = 0;
			defaultConfigurationName = Release;
		};
		5B707505267CCF0900EAF93F /* Build configuration list for PBXNativeTarget "DoListUITests" */ = {
			isa = XCConfigurationList;
			buildConfigurations = (
				5B707506267CCF0900EAF93F /* Debug */,
				5B707507267CCF0900EAF93F /* Release */,
			);
			defaultConfigurationIsVisible = 0;
			defaultConfigurationName = Release;
		};
/* End XCConfigurationList section */

/* Begin XCVersionGroup section */
		5B7074DB267CCF0700EAF93F /* DoList.xcdatamodeld */ = {
			isa = XCVersionGroup;
			children = (
				5B7074DC267CCF0700EAF93F /* DoList.xcdatamodel */,
			);
			currentVersion = 5B7074DC267CCF0700EAF93F /* DoList.xcdatamodel */;
			path = DoList.xcdatamodeld;
			sourceTree = "<group>";
			versionGroupType = wrapper.xcdatamodel;
		};
/* End XCVersionGroup section */
	};
	rootObject = 5B7074CA267CCF0700EAF93F /* Project object */;
}
